{
  "version": 4,
  "terraform_version": "0.12.29",
  "serial": 7,
  "lineage": "f1ce9809-36dc-d08d-d3fe-706313ff77de",
  "outputs": {},
  "resources": [
    {
      "mode": "managed",
      "type": "azurerm_resource_group",
      "name": "aztf-rg",
      "provider": "provider.azurerm",
      "instances": [
        {
          "schema_version": 0,
          "attributes": {
            "id": "/subscriptions/71538297-cbdb-4a31-a6a1-328fa3ce2fe4/resourceGroups/TerraformRG",
            "location": "centralindia",
            "name": "TerraformRG",
            "tags": {
              "environment": "Terraform Demo"
            },
            "timeouts": null
          },
          "private": "eyJlMmJmYjczMC1lY2FhLTExZTYtOGY4OC0zNDM2M2JjN2M0YzAiOnsiY3JlYXRlIjo1NDAwMDAwMDAwMDAwLCJkZWxldGUiOjU0MDAwMDAwMDAwMDAsInJlYWQiOjMwMDAwMDAwMDAwMCwidXBkYXRlIjo1NDAwMDAwMDAwMDAwfX0="
        }
      ]
    }
  ]
}
